<?xml version="1.0" encoding="UTF-8" standalone="yes" ?>
<CodeBlocks_project_file>
	<FileVersion major="1" minor="6" />
	<Project>
		<Option title="jaba_eater" />
		<Option pch_mode="2" />
		<Option compiler="gcc" />
		<Build>
			<Target title="Debug">
				<Option output="bin/Debug/jaba_eater" prefix_auto="1" extension_auto="1" />
				<Option object_output="obj/Debug/" />
				<Option type="1" />
				<Option compiler="gcc" />
				<Compiler>
					<Add option="-g" />
				</Compiler>
			</Target>
			<Target title="Release">
				<Option output="bin/Release/jaba_eater" prefix_auto="1" extension_auto="1" />
				<Option object_output="obj/Release/" />
				<Option type="1" />
				<Option compiler="gcc" />
				<Compiler>
					<Add option="-O2" />
				</Compiler>
				<Linker>
					<Add option="-s" />
				</Linker>
			</Target>
		</Build>
		<Compiler>
			<Add option="-Wall" />
			<Add option="-fexceptions" />
		</Compiler>
		<Unit filename="bad_jaba.cpp" />
		<Unit filename="bad_jaba.h" />
		<Unit filename="executioner.cpp" />
		<Unit filename="executioner.h" />
		<Unit filename="filesource.cpp" />
		<Unit filename="filesource.h" />
		<Unit filename="identifier.cpp" />
		<Unit filename="identifier.h" />
		<Unit filename="lexer.cpp" />
		<Unit filename="lexer.h" />
		<Unit filename="local_types.h" />
		<Unit filename="main.cpp" />
		<Unit filename="parser.cpp" />
		<Unit filename="parser.h" />
		<Unit filename="rpn.cpp" />
		<Unit filename="rpn.h" />
		<Unit filename="test0.js">
			<Option target="Debug" />
		</Unit>
		<Unit filename="test1.js">
			<Option target="Debug" />
		</Unit>
		<Unit filename="test2.js" />
		<Unit filename="version.h" />
		<Extensions>
			<code_completion />
			<envvars />
			<debugger />
			<lib_finder disable_auto="1" />
			<DoxyBlocks>
				<comment_style block="0" line="0" />
				<doxyfile_project />
				<doxyfile_build />
				<doxyfile_warnings />
				<doxyfile_output />
				<doxyfile_dot />
				<general />
			</DoxyBlocks>
			<AutoVersioning>
				<Scheme minor_max="10" build_max="0" rev_max="0" rev_rand_max="10" build_times_to_increment_minor="25" />
				<Settings autoincrement="1" date_declarations="1" update_manifest="1" do_auto_increment="1" ask_to_increment="0" language="C++" svn="0" svn_directory="" header_path="version.h" />
				<Changes_Log show_changes_editor="0" app_title="released version %M.%m.%b of %p" changeslog_path="ChangesLog.txt" />
				<Code header_guard="VERSION_H" namespace="AutoVersion" prefix="" />
			</AutoVersioning>
		</Extensions>
	</Project>
</CodeBlocks_project_file>
